<Solution>
  <Folder Name="/Task0/">
    <Project Path="Tyuiu.SadykovSV.Sprint2.Task0.V7.Lib/Tyuiu.SadykovSV.Sprint2.Task0.V7.Lib.csproj" />
    <Project Path="Tyuiu.SadykovSV.Sprint2.Task0.V7.Test/Tyuiu.SadykovSV.Sprint2.Task0.V7.Test.csproj" />
    <Project Path="Tyuiu.SadykovSV.Sprint2.Task0.V7/Tyuiu.SadykovSV.Sprint2.Task0.V7.csproj" />
  </Folder>
  <Folder Name="/Task1/">
    <Project Path="Tyuiu.SadykovSV.Sprint2.Task1.V3.Lib/Tyuiu.SadykovSV.Sprint2.Task1.V3.Lib.csproj" Id="06c2920b-8bec-46e8-8077-7e8ab8e917e1" />
    <Project Path="Tyuiu.SadykovSV.Sprint2.Task1.V3.Test/Tyuiu.SadykovSV.Sprint2.Task1.V3.Test.csproj" Id="6d938b52-8925-4bd5-82b9-4883581f501c" />
    <Project Path="Tyuiu.SadykovSV.Sprint2.Task1.V3/Tyuiu.SadykovSV.Sprint2.Task1.V3.csproj" Id="60a569ca-15c7-4023-bd77-80e997207ff8" />
  </Folder>
  <Folder Name="/Task2/">
    <Project Path="Tyuiu.SadykovSV.Sprint2.Task2.V27.Lib/Tyuiu.SadykovSV.Sprint2.Task2.V27.Lib.csproj" Id="481e3fbf-a34b-4bd2-8e9f-0e85bbf419e7" />
    <Project Path="Tyuiu.SadykovSV.Sprint2.Task2.V27.Test/Tyuiu.SadykovSV.Sprint2.Task2.V27.Test.csproj" Id="7ec12fc7-bab8-4f47-b726-91708428d846" />
    <Project Path="Tyuiu.SadykovSV.Sprint2.Task2.V27/Tyuiu.SadykovSV.Sprint2.Task2.V27.csproj" Id="0bdf541b-7cd0-4eca-b11e-6f69e684bbd7" />
  </Folder>
  <Folder Name="/Task3/">
    <Project Path="Tyuiu.SadykovSV.Sprint2.Task3.V27.Lib/Tyuiu.SadykovSV.Sprint2.Task3.V27.Lib.csproj" Id="b262b793-2bac-4e6c-934d-ff9a4343e62f" />
    <Project Path="Tyuiu.SadykovSV.Sprint2.Task3.V27.Test/Tyuiu.SadykovSV.Sprint2.Task3.V27.Test.csproj" Id="9df27b92-6758-4c3a-8027-901800a75b1b" />
    <Project Path="Tyuiu.SadykovSV.Sprint2.Task3.V27/Tyuiu.SadykovSV.Sprint2.Task3.V27.csproj" Id="3bc03b4f-41c3-441d-8e61-ff06a4dba5dd" />
  </Folder>
  <Folder Name="/Task4/">
    <Project Path="Tyuiu.SadykovSV.Sprint2.Task4.V13.Lib/Tyuiu.SadykovSV.Sprint2.Task4.V13.Lib.csproj" Id="4129e93d-aa50-438d-9a85-987782bbaa20" />
    <Project Path="Tyuiu.SadykovSV.Sprint2.Task4.V13.Test/Tyuiu.SadykovSV.Sprint2.Task4.V13.Test.csproj" Id="6ceb6e0e-034c-4369-8a16-8ac746d9929d" />
    <Project Path="Tyuiu.SadykovSV.Sprint2.Task4.V13/Tyuiu.SadykovSV.Sprint2.Task4.V13.csproj" Id="fb4e4219-91b6-465c-886a-c3f0a9894821" />
  </Folder>
  <Folder Name="/Task5/">
    <Project Path="Tyuiu.SadykovSV.Sprint2.Task5.V12.Lib/Tyuiu.SadykovSV.Sprint2.Task5.V12.Lib.csproj" Id="53296143-4c83-4d5c-89ba-84e821a96f3a" />
    <Project Path="Tyuiu.SadykovSV.Sprint2.Task5.V12.Test/Tyuiu.SadykovSV.Sprint2.Task5.V12.Test.csproj" Id="75453b12-32d4-40d4-b774-2abb13453487" />
    <Project Path="Tyuiu.SadykovSV.Sprint2.Task5.V12/Tyuiu.SadykovSV.Sprint2.Task5.V12.csproj" Id="c5afe002-7506-4c37-9177-a2d03cf6c05f" />
  </Folder>
  <Folder Name="/Task6/">
    <Project Path="Tyuiu.SadykovSV.Sprint2.Task6.V13.Lib/Tyuiu.SadykovSV.Sprint2.Task6.V13.Lib.csproj" Id="32b2621f-3790-4c2d-aec5-8a90b5918e56" />
    <Project Path="Tyuiu.SadykovSV.Sprint2.Task6.V13.Test/Tyuiu.SadykovSV.Sprint2.Task6.V13.Test.csproj" Id="36154ea1-8cf0-4a79-8491-7f0159f6f8c0" />
    <Project Path="Tyuiu.SadykovSV.Sprint2.Task6.V13/Tyuiu.SadykovSV.Sprint2.Task6.V13.csproj" Id="f5aa7a23-980b-4636-b648-4a285c2d86c5" />
  </Folder>
  <Folder Name="/Task7/">
    <Project Path="Tyuiu.SadykovSV.Sprint2.Task7.V12.Lib/Tyuiu.SadykovSV.Sprint2.Task7.V12.Lib.csproj" Id="fca16d70-8347-4de1-b820-5db1966ce63b" />
    <Project Path="Tyuiu.SadykovSV.Sprint2.Task7.V12.Test/Tyuiu.SadykovSV.Sprint2.Task7.V12.Test.csproj" Id="69a713a8-fb52-4faa-8b81-cb0fa33b3c1f" />
    <Project Path="Tyuiu.SadykovSV.Sprint2.Task7.V12/Tyuiu.SadykovSV.Sprint2.Task7.V12.csproj" Id="f0411e82-ce19-4056-982d-5dfefd9ec45d" />
  </Folder>
</Solution>
