<Solution>
  <Folder Name="/Task0/">
    <Project Path="Tyuiu.SadykovSV.Sprint2.Task0.V7.Lib/Tyuiu.SadykovSV.Sprint2.Task0.V7.Lib.csproj" />
    <Project Path="Tyuiu.SadykovSV.Sprint2.Task0.V7.Test/Tyuiu.SadykovSV.Sprint2.Task0.V7.Test.csproj" />
    <Project Path="Tyuiu.SadykovSV.Sprint2.Task0.V7/Tyuiu.SadykovSV.Sprint2.Task0.V7.csproj" />
  </Folder>
  <Folder Name="/Task1/">
    <Project Path="Tyuiu.SadykovSV.Sprint2.Task1.V3.Lib/Tyuiu.SadykovSV.Sprint2.Task1.V3.Lib.csproj" Id="06c2920b-8bec-46e8-8077-7e8ab8e917e1" />
    <Project Path="Tyuiu.SadykovSV.Sprint2.Task1.V3.Test/Tyuiu.SadykovSV.Sprint2.Task1.V3.Test.csproj" Id="6d938b52-8925-4bd5-82b9-4883581f501c" />
    <Project Path="Tyuiu.SadykovSV.Sprint2.Task1.V3/Tyuiu.SadykovSV.Sprint2.Task1.V3.csproj" Id="60a569ca-15c7-4023-bd77-80e997207ff8" />
  </Folder>
</Solution>
