<Solution>
  <Folder Name="/Task0/">
    <Project Path="Tyuiu.SadykovSV.Sprint2.Task0.V7.Lib/Tyuiu.SadykovSV.Sprint2.Task0.V7.Lib.csproj" />
    <Project Path="Tyuiu.SadykovSV.Sprint2.Task0.V7.Test/Tyuiu.SadykovSV.Sprint2.Task0.V7.Test.csproj" />
    <Project Path="Tyuiu.SadykovSV.Sprint2.Task0.V7/Tyuiu.SadykovSV.Sprint2.Task0.V7.csproj" />
  </Folder>
  <Folder Name="/Task1/">
    <Project Path="Tyuiu.SadykovSV.Sprint2.Task1.V3.Lib/Tyuiu.SadykovSV.Sprint2.Task1.V3.Lib.csproj" Id="06c2920b-8bec-46e8-8077-7e8ab8e917e1" />
    <Project Path="Tyuiu.SadykovSV.Sprint2.Task1.V3.Test/Tyuiu.SadykovSV.Sprint2.Task1.V3.Test.csproj" Id="6d938b52-8925-4bd5-82b9-4883581f501c" />
    <Project Path="Tyuiu.SadykovSV.Sprint2.Task1.V3/Tyuiu.SadykovSV.Sprint2.Task1.V3.csproj" Id="60a569ca-15c7-4023-bd77-80e997207ff8" />
  </Folder>
  <Folder Name="/Task2/">
    <Project Path="Tyuiu.SadykovSV.Sprint2.Task2.V27.Lib/Tyuiu.SadykovSV.Sprint2.Task2.V27.Lib.csproj" Id="481e3fbf-a34b-4bd2-8e9f-0e85bbf419e7" />
    <Project Path="Tyuiu.SadykovSV.Sprint2.Task2.V27.Test/Tyuiu.SadykovSV.Sprint2.Task2.V27.Test.csproj" Id="7ec12fc7-bab8-4f47-b726-91708428d846" />
    <Project Path="Tyuiu.SadykovSV.Sprint2.Task2.V27/Tyuiu.SadykovSV.Sprint2.Task2.V27.csproj" Id="0bdf541b-7cd0-4eca-b11e-6f69e684bbd7" />
  </Folder>
</Solution>
